
Microsoft Visual Studio Solution File, Format Version 12.00
# Visual Studio Version 17
VisualStudioVersion = 17.9.34723.18
MinimumVisualStudioVersion = 10.0.40219.1
Project("{2150E333-8FDC-42A3-9474-1A3956D46DE8}") = "src", "src", "{6074425A-6726-4FA2-88C3-6F58020311D8}"
EndProject
Project("{2150E333-8FDC-42A3-9474-1A3956D46DE8}") = "tests", "tests", "{14C7F45F-BDB0-4FC5-8541-7AD19327B68F}"
EndProject
Project("{2150E333-8FDC-42A3-9474-1A3956D46DE8}") = "Backend", "Backend", "{498520C4-5AC8-4716-B830-BA2396014E86}"
EndProject
Project("{2150E333-8FDC-42A3-9474-1A3956D46DE8}") = "shared", "shared", "{D7979F4B-BFCC-427F-AE15-670EB1C474C7}"
EndProject
Project("{2150E333-8FDC-42A3-9474-1A3956D46DE8}") = "Mobile", "Mobile", "{BC3CED8A-00A7-402D-A25F-F10BB41FDB62}"
EndProject
Project("{9A19103F-16F7-4668-BE54-9A1E7A4F7556}") = "MyRecipeBook.API", "src\Backend\MyRecipeBook.API\MyRecipeBook.API.csproj", "{0928CA69-9023-4836-AC53-0EBB01CDBEC0}"
EndProject
Project("{9A19103F-16F7-4668-BE54-9A1E7A4F7556}") = "MyRecipeBook.Application", "src\Backend\MyRecipeBook.Application\MyRecipeBook.Application.csproj", "{C91E9F65-25A4-4C8A-9B9C-52AD82629FFC}"
EndProject
Project("{9A19103F-16F7-4668-BE54-9A1E7A4F7556}") = "MyRecipeBook.Domain", "src\Backend\MyRecipeBook.Domain\MyRecipeBook.Domain.csproj", "{AB84315A-EAE4-4BE0-96DB-C43FC648CF0D}"
EndProject
Project("{9A19103F-16F7-4668-BE54-9A1E7A4F7556}") = "MyRecipeBook.Infrastructure", "src\Backend\MyRecipeBook.Infrastructure\MyRecipeBook.Infrastructure.csproj", "{EB372FA7-28B4-4A88-8622-4BD6F3EF36A0}"
EndProject
Project("{9A19103F-16F7-4668-BE54-9A1E7A4F7556}") = "MyRecipeBook.Exceptions", "src\Shared\MyRecipeBook.Exceptions\MyRecipeBook.Exceptions.csproj", "{37705557-026F-4600-A2C2-1F648C23D63B}"
EndProject
Project("{9A19103F-16F7-4668-BE54-9A1E7A4F7556}") = "MyRecipeBook.Communication", "src\Shared\MyRecipeBook.Communication\MyRecipeBook.Communication.csproj", "{F910E116-8F0E-4F6B-A23A-BB917A357C0D}"
EndProject
Project("{9A19103F-16F7-4668-BE54-9A1E7A4F7556}") = "Validators.Test", "tests\Validators.Test\Validators.Test.csproj", "{841C26CD-BBEF-4DAC-8B83-92A703E594D9}"
EndProject
Project("{9A19103F-16F7-4668-BE54-9A1E7A4F7556}") = "CommonTestUtilities", "tests\CommonTestUtilities\CommonTestUtilities.csproj", "{182452DC-28D8-4DB9-B600-D4A8BC072521}"
EndProject
Project("{9A19103F-16F7-4668-BE54-9A1E7A4F7556}") = "UseCases.Test", "tests\UseCases.Test\UseCases.Test.csproj", "{7955F781-0A41-4FEA-AB13-7784352B215D}"
EndProject
Project("{FAE04EC0-301F-11D3-BF4B-00C04F79EFBC}") = "WebApi.Test", "tests\WebApi.Test\WebApi.Test.csproj", "{0C7FD6AC-669A-4D35-8AD0-ACCD797DA784}"
EndProject
Global
	GlobalSection(SolutionConfigurationPlatforms) = preSolution
		Debug|Any CPU = Debug|Any CPU
		Release|Any CPU = Release|Any CPU
	EndGlobalSection
	GlobalSection(ProjectConfigurationPlatforms) = postSolution
		{0928CA69-9023-4836-AC53-0EBB01CDBEC0}.Debug|Any CPU.ActiveCfg = Debug|Any CPU
		{0928CA69-9023-4836-AC53-0EBB01CDBEC0}.Debug|Any CPU.Build.0 = Debug|Any CPU
		{0928CA69-9023-4836-AC53-0EBB01CDBEC0}.Release|Any CPU.ActiveCfg = Release|Any CPU
		{0928CA69-9023-4836-AC53-0EBB01CDBEC0}.Release|Any CPU.Build.0 = Release|Any CPU
		{C91E9F65-25A4-4C8A-9B9C-52AD82629FFC}.Debug|Any CPU.ActiveCfg = Debug|Any CPU
		{C91E9F65-25A4-4C8A-9B9C-52AD82629FFC}.Debug|Any CPU.Build.0 = Debug|Any CPU
		{C91E9F65-25A4-4C8A-9B9C-52AD82629FFC}.Release|Any CPU.ActiveCfg = Release|Any CPU
		{C91E9F65-25A4-4C8A-9B9C-52AD82629FFC}.Release|Any CPU.Build.0 = Release|Any CPU
		{AB84315A-EAE4-4BE0-96DB-C43FC648CF0D}.Debug|Any CPU.ActiveCfg = Debug|Any CPU
		{AB84315A-EAE4-4BE0-96DB-C43FC648CF0D}.Debug|Any CPU.Build.0 = Debug|Any CPU
		{AB84315A-EAE4-4BE0-96DB-C43FC648CF0D}.Release|Any CPU.ActiveCfg = Release|Any CPU
		{AB84315A-EAE4-4BE0-96DB-C43FC648CF0D}.Release|Any CPU.Build.0 = Release|Any CPU
		{EB372FA7-28B4-4A88-8622-4BD6F3EF36A0}.Debug|Any CPU.ActiveCfg = Debug|Any CPU
		{EB372FA7-28B4-4A88-8622-4BD6F3EF36A0}.Debug|Any CPU.Build.0 = Debug|Any CPU
		{EB372FA7-28B4-4A88-8622-4BD6F3EF36A0}.Release|Any CPU.ActiveCfg = Release|Any CPU
		{EB372FA7-28B4-4A88-8622-4BD6F3EF36A0}.Release|Any CPU.Build.0 = Release|Any CPU
		{37705557-026F-4600-A2C2-1F648C23D63B}.Debug|Any CPU.ActiveCfg = Debug|Any CPU
		{37705557-026F-4600-A2C2-1F648C23D63B}.Debug|Any CPU.Build.0 = Debug|Any CPU
		{37705557-026F-4600-A2C2-1F648C23D63B}.Release|Any CPU.ActiveCfg = Release|Any CPU
		{37705557-026F-4600-A2C2-1F648C23D63B}.Release|Any CPU.Build.0 = Release|Any CPU
		{F910E116-8F0E-4F6B-A23A-BB917A357C0D}.Debug|Any CPU.ActiveCfg = Debug|Any CPU
		{F910E116-8F0E-4F6B-A23A-BB917A357C0D}.Debug|Any CPU.Build.0 = Debug|Any CPU
		{F910E116-8F0E-4F6B-A23A-BB917A357C0D}.Release|Any CPU.ActiveCfg = Release|Any CPU
		{F910E116-8F0E-4F6B-A23A-BB917A357C0D}.Release|Any CPU.Build.0 = Release|Any CPU
		{841C26CD-BBEF-4DAC-8B83-92A703E594D9}.Debug|Any CPU.ActiveCfg = Debug|Any CPU
		{841C26CD-BBEF-4DAC-8B83-92A703E594D9}.Debug|Any CPU.Build.0 = Debug|Any CPU
		{841C26CD-BBEF-4DAC-8B83-92A703E594D9}.Release|Any CPU.ActiveCfg = Release|Any CPU
		{841C26CD-BBEF-4DAC-8B83-92A703E594D9}.Release|Any CPU.Build.0 = Release|Any CPU
		{182452DC-28D8-4DB9-B600-D4A8BC072521}.Debug|Any CPU.ActiveCfg = Debug|Any CPU
		{182452DC-28D8-4DB9-B600-D4A8BC072521}.Debug|Any CPU.Build.0 = Debug|Any CPU
		{182452DC-28D8-4DB9-B600-D4A8BC072521}.Release|Any CPU.ActiveCfg = Release|Any CPU
		{182452DC-28D8-4DB9-B600-D4A8BC072521}.Release|Any CPU.Build.0 = Release|Any CPU
		{7955F781-0A41-4FEA-AB13-7784352B215D}.Debug|Any CPU.ActiveCfg = Debug|Any CPU
		{7955F781-0A41-4FEA-AB13-7784352B215D}.Debug|Any CPU.Build.0 = Debug|Any CPU
		{7955F781-0A41-4FEA-AB13-7784352B215D}.Release|Any CPU.ActiveCfg = Release|Any CPU
		{7955F781-0A41-4FEA-AB13-7784352B215D}.Release|Any CPU.Build.0 = Release|Any CPU
		{0C7FD6AC-669A-4D35-8AD0-ACCD797DA784}.Debug|Any CPU.ActiveCfg = Debug|Any CPU
		{0C7FD6AC-669A-4D35-8AD0-ACCD797DA784}.Debug|Any CPU.Build.0 = Debug|Any CPU
		{0C7FD6AC-669A-4D35-8AD0-ACCD797DA784}.Release|Any CPU.ActiveCfg = Release|Any CPU
		{0C7FD6AC-669A-4D35-8AD0-ACCD797DA784}.Release|Any CPU.Build.0 = Release|Any CPU
	EndGlobalSection
	GlobalSection(SolutionProperties) = preSolution
		HideSolutionNode = FALSE
	EndGlobalSection
	GlobalSection(NestedProjects) = preSolution
		{498520C4-5AC8-4716-B830-BA2396014E86} = {6074425A-6726-4FA2-88C3-6F58020311D8}
		{D7979F4B-BFCC-427F-AE15-670EB1C474C7} = {6074425A-6726-4FA2-88C3-6F58020311D8}
		{BC3CED8A-00A7-402D-A25F-F10BB41FDB62} = {6074425A-6726-4FA2-88C3-6F58020311D8}
		{0928CA69-9023-4836-AC53-0EBB01CDBEC0} = {498520C4-5AC8-4716-B830-BA2396014E86}
		{C91E9F65-25A4-4C8A-9B9C-52AD82629FFC} = {498520C4-5AC8-4716-B830-BA2396014E86}
		{AB84315A-EAE4-4BE0-96DB-C43FC648CF0D} = {498520C4-5AC8-4716-B830-BA2396014E86}
		{EB372FA7-28B4-4A88-8622-4BD6F3EF36A0} = {498520C4-5AC8-4716-B830-BA2396014E86}
		{37705557-026F-4600-A2C2-1F648C23D63B} = {D7979F4B-BFCC-427F-AE15-670EB1C474C7}
		{F910E116-8F0E-4F6B-A23A-BB917A357C0D} = {D7979F4B-BFCC-427F-AE15-670EB1C474C7}
		{841C26CD-BBEF-4DAC-8B83-92A703E594D9} = {14C7F45F-BDB0-4FC5-8541-7AD19327B68F}
		{182452DC-28D8-4DB9-B600-D4A8BC072521} = {14C7F45F-BDB0-4FC5-8541-7AD19327B68F}
		{7955F781-0A41-4FEA-AB13-7784352B215D} = {14C7F45F-BDB0-4FC5-8541-7AD19327B68F}
		{0C7FD6AC-669A-4D35-8AD0-ACCD797DA784} = {14C7F45F-BDB0-4FC5-8541-7AD19327B68F}
	EndGlobalSection
	GlobalSection(ExtensibilityGlobals) = postSolution
		SolutionGuid = {87DEB592-9039-4BD7-A5F7-0824B42F8015}
	EndGlobalSection
EndGlobal
